
Microsoft Visual Studio Solution File, Format Version 12.00
# Visual Studio 15
VisualStudioVersion = 15.0.26730.12
MinimumVisualStudioVersion = 10.0.40219.1
Project("{FAE04EC0-301F-11D3-BF4B-00C04F79EFBC}") = "BcatDecryptor", "BcatDecryptor\BcatDecryptor.csproj", "{D1418D02-1C6C-4466-A789-9CE59E89AE21}"
EndProject
Global
	GlobalSection(SolutionConfigurationPlatforms) = preSolution
		Debug|Any CPU = Debug|Any CPU
		Release|Any CPU = Release|Any CPU
	EndGlobalSection
	GlobalSection(ProjectConfigurationPlatforms) = postSolution
		{D1418D02-1C6C-4466-A789-9CE59E89AE21}.Debug|Any CPU.ActiveCfg = Debug|Any CPU
		{D1418D02-1C6C-4466-A789-9CE59E89AE21}.Debug|Any CPU.Build.0 = Debug|Any CPU
		{D1418D02-1C6C-4466-A789-9CE59E89AE21}.Release|Any CPU.ActiveCfg = Release|Any CPU
		{D1418D02-1C6C-4466-A789-9CE59E89AE21}.Release|Any CPU.Build.0 = Release|Any CPU
	EndGlobalSection
	GlobalSection(SolutionProperties) = preSolution
		HideSolutionNode = FALSE
	EndGlobalSection
	GlobalSection(ExtensibilityGlobals) = postSolution
		SolutionGuid = {00EC51FD-C3BB-4F03-8B7A-9D532E199403}
	EndGlobalSection
EndGlobal
